Microsoft Visual Studio Solution File, Format Version 12.00
# Visual Studio Version 17
VisualStudioVersion = 17.5.2.0
MinimumVisualStudioVersion = 10.0.40219.1
Project("{2150E333-8FDC-42A3-9474-1A3956D46DE8}") = "src", "src", "{827E0CD3-B72D-47B6-A68D-7590B98EB39B}"
EndProject
Project("{FAE04EC0-301F-11D3-BF4B-00C04F79EFBC}") = "TestFile", "src\TestFile\TestFile.csproj", "{E4EF3F35-30B5-0EEC-61B8-7095C4E0B68D}"
EndProject
Project("{FAE04EC0-301F-11D3-BF4B-00C04F79EFBC}") = "ValueObjects", "src\ValueObjects\ValueObjects.csproj", "{DFA061E0-8998-9E8C-5468-C0C0C3968043}"
EndProject
Global
	GlobalSection(SolutionConfigurationPlatforms) = preSolution
		Debug|Any CPU = Debug|Any CPU
		Release|Any CPU = Release|Any CPU
	EndGlobalSection
	GlobalSection(ProjectConfigurationPlatforms) = postSolution
		{E4EF3F35-30B5-0EEC-61B8-7095C4E0B68D}.Debug|Any CPU.ActiveCfg = Debug|Any CPU
		{E4EF3F35-30B5-0EEC-61B8-7095C4E0B68D}.Debug|Any CPU.Build.0 = Debug|Any CPU
		{E4EF3F35-30B5-0EEC-61B8-7095C4E0B68D}.Release|Any CPU.ActiveCfg = Release|Any CPU
		{E4EF3F35-30B5-0EEC-61B8-7095C4E0B68D}.Release|Any CPU.Build.0 = Release|Any CPU
		{DFA061E0-8998-9E8C-5468-C0C0C3968043}.Debug|Any CPU.ActiveCfg = Debug|Any CPU
		{DFA061E0-8998-9E8C-5468-C0C0C3968043}.Debug|Any CPU.Build.0 = Debug|Any CPU
		{DFA061E0-8998-9E8C-5468-C0C0C3968043}.Release|Any CPU.ActiveCfg = Release|Any CPU
		{DFA061E0-8998-9E8C-5468-C0C0C3968043}.Release|Any CPU.Build.0 = Release|Any CPU
	EndGlobalSection
	GlobalSection(SolutionProperties) = preSolution
		HideSolutionNode = FALSE
	EndGlobalSection
	GlobalSection(NestedProjects) = preSolution
		{E4EF3F35-30B5-0EEC-61B8-7095C4E0B68D} = {827E0CD3-B72D-47B6-A68D-7590B98EB39B}
		{DFA061E0-8998-9E8C-5468-C0C0C3968043} = {827E0CD3-B72D-47B6-A68D-7590B98EB39B}
	EndGlobalSection
	GlobalSection(ExtensibilityGlobals) = postSolution
		SolutionGuid = {4DFC3B06-5BB8-4F06-87CE-6B82A9C7F945}
	EndGlobalSection
EndGlobal
